
Microsoft Visual Studio Solution File, Format Version 12.00
# Visual Studio Version 17
VisualStudioVersion = 17.13.35919.96 d17.13
MinimumVisualStudioVersion = 10.0.40219.1
Project("{FAE04EC0-301F-11D3-BF4B-00C04F79EFBC}") = "FileSearch", "FileSearch.csproj", "{C48CFBB3-7361-4314-8D71-38E073699A64}"
EndProject
Global
	GlobalSection(SolutionConfigurationPlatforms) = preSolution
		Debug|Any CPU = Debug|Any CPU
		Release|Any CPU = Release|Any CPU
	EndGlobalSection
	GlobalSection(ProjectConfigurationPlatforms) = postSolution
		{C48CFBB3-7361-4314-8D71-38E073699A64}.Debug|Any CPU.ActiveCfg = Debug|Any CPU
		{C48CFBB3-7361-4314-8D71-38E073699A64}.Debug|Any CPU.Build.0 = Debug|Any CPU
		{C48CFBB3-7361-4314-8D71-38E073699A64}.Release|Any CPU.ActiveCfg = Release|Any CPU
		{C48CFBB3-7361-4314-8D71-38E073699A64}.Release|Any CPU.Build.0 = Release|Any CPU
	EndGlobalSection
	GlobalSection(SolutionProperties) = preSolution
		HideSolutionNode = FALSE
	EndGlobalSection
	GlobalSection(ExtensibilityGlobals) = postSolution
		SolutionGuid = {20321C26-E899-4869-BC94-8D4500147C09}
	EndGlobalSection
EndGlobal
